// !$*UTF8*$!
{
	archiveVersion = 1;
	classes = {
	};
	objectVersion = 50;
	objects = {

/* Begin PBXBuildFile section */
		02E16CA023780F9500EF5BC2 /* AppDelegate.swift in Sources */ = {isa = PBXBuildFile; fileRef = 02E16C9F23780F9500EF5BC2 /* AppDelegate.swift */; };
		02E16CA223780F9500EF5BC2 /* SceneDelegate.swift in Sources */ = {isa = PBXBuildFile; fileRef = 02E16CA123780F9500EF5BC2 /* SceneDelegate.swift */; };
		02E16CA423780F9500EF5BC2 /* ContentView.swift in Sources */ = {isa = PBXBuildFile; fileRef = 02E16CA323780F9500EF5BC2 /* ContentView.swift */; };
		02E16CA623780F9600EF5BC2 /* Assets.xcassets in Resources */ = {isa = PBXBuildFile; fileRef = 02E16CA523780F9600EF5BC2 /* Assets.xcassets */; };
		02E16CA923780F9600EF5BC2 /* Preview Assets.xcassets in Resources */ = {isa = PBXBuildFile; fileRef = 02E16CA823780F9600EF5BC2 /* Preview Assets.xcassets */; };
		02E16CAC23780F9600EF5BC2 /* LaunchScreen.storyboard in Resources */ = {isa = PBXBuildFile; fileRef = 02E16CAA23780F9600EF5BC2 /* LaunchScreen.storyboard */; };
		02E16CB4237810F700EF5BC2 /* MyWebView.swift in Sources */ = {isa = PBXBuildFile; fileRef = 02E16CB3237810F700EF5BC2 /* MyWebView.swift */; };
/* End PBXBuildFile section */

/* Begin PBXFileReference section */
		02E16C9C23780F9500EF5BC2 /* SimpleWebView.app */ = {isa = PBXFileReference; explicitFileType = wrapper.application; includeInIndex = 0; path = SimpleWebView.app; sourceTree = BUILT_PRODUCTS_DIR; };
		02E16C9F23780F9500EF5BC2 /* AppDelegate.swift */ = {isa = PBXFileReference; lastKnownFileType = sourcecode.swift; path = AppDelegate.swift; sourceTree = "<group>"; };
		02E16CA123780F9500EF5BC2 /* SceneDelegate.swift */ = {isa = PBXFileReference; lastKnownFileType = sourcecode.swift; path = SceneDelegate.swift; sourceTree = "<group>"; };
		02E16CA323780F9500EF5BC2 /* ContentView.swift */ = {isa = PBXFileReference; lastKnownFileType = sourcecode.swift; path = ContentView.swift; sourceTree = "<group>"; };
		02E16CA523780F9600EF5BC2 /* Assets.xcassets */ = {isa = PBXFileReference; lastKnownFileType = folder.assetcatalog; path = Assets.xcassets; sourceTree = "<group>"; };
		02E16CA823780F9600EF5BC2 /* Preview Assets.xcassets */ = {isa = PBXFileReference; lastKnownFileType = folder.assetcatalog; path = "Preview Assets.xcassets"; sourceTree = "<group>"; };
		02E16CAB23780F9600EF5BC2 /* Base */ = {isa = PBXFileReference; lastKnownFileType = file.storyboard; name = Base; path = Base.lproj/LaunchScreen.storyboard; sourceTree = "<group>"; };
		02E16CAD23780F9600EF5BC2 /* Info.plist */ = {isa = PBXFileReference; lastKnownFileType = text.plist.xml; path = Info.plist; sourceTree = "<group>"; };
		02E16CB3237810F700EF5BC2 /* MyWebView.swift */ = {isa = PBXFileReference; lastKnownFileType = sourcecode.swift; path = MyWebView.swift; sourceTree = "<group>"; };
/* End PBXFileReference section */

/* Begin PBXFrameworksBuildPhase section */
		02E16C9923780F9500EF5BC2 /* Frameworks */ = {
			isa = PBXFrameworksBuildPhase;
			buildActionMask = 2147483647;
			files = (
			);
			runOnlyForDeploymentPostprocessing = 0;
		};
/* End PBXFrameworksBuildPhase section */

/* Begin PBXGroup section */
		02E16C9323780F9400EF5BC2 = {
			isa = PBXGroup;
			children = (
				02E16C9E23780F9500EF5BC2 /* SimpleWebView */,
				02E16C9D23780F9500EF5BC2 /* Products */,
			);
			sourceTree = "<group>";
		};
		02E16C9D23780F9500EF5BC2 /* Products */ = {
			isa = PBXGroup;
			children = (
				02E16C9C23780F9500EF5BC2 /* SimpleWebView.app */,
			);
			name = Products;
			sourceTree = "<group>";
		};
		02E16C9E23780F9500EF5BC2 /* SimpleWebView */ = {
			isa = PBXGroup;
			children = (
				02E16C9F23780F9500EF5BC2 /* AppDelegate.swift */,
				02E16CA123780F9500EF5BC2 /* SceneDelegate.swift */,
				02E16CA323780F9500EF5BC2 /* ContentView.swift */,
				02E16CA523780F9600EF5BC2 /* Assets.xcassets */,
				02E16CAA23780F9600EF5BC2 /* LaunchScreen.storyboard */,
				02E16CAD23780F9600EF5BC2 /* Info.plist */,
				02E16CA723780F9600EF5BC2 /* Preview Content */,
				02E16CB3237810F700EF5BC2 /* MyWebView.swift */,
			);
			path = SimpleWebView;
			sourceTree = "<group>";
		};
		02E16CA723780F9600EF5BC2 /* Preview Content */ = {
			isa = PBXGroup;
			children = (
				02E16CA823780F9600EF5BC2 /* Preview Assets.xcassets */,
			);
			path = "Preview Content";
			sourceTree = "<group>";
		};
/* End PBXGroup section */

/* Begin PBXNativeTarget section */
		02E16C9B23780F9500EF5BC2 /* SimpleWebView */ = {
			isa = PBXNativeTarget;
			buildConfigurationList = 02E16CB023780F9600EF5BC2 /* Build configuration list for PBXNativeTarget "SimpleWebView" */;
			buildPhases = (
				02E16C9823780F9500EF5BC2 /* Sources */,
				02E16C9923780F9500EF5BC2 /* Frameworks */,
				02E16C9A23780F9500EF5BC2 /* Resources */,
			);
			buildRules = (
			);
			dependencies = (
			);
			name = SimpleWebView;
			productName = SimpleWebView;
			productReference = 02E16C9C23780F9500EF5BC2 /* SimpleWebView.app */;
			productType = "com.apple.product-type.application";
		};
/* End PBXNativeTarget section */

/* Begin PBXProject section */
		02E16C9423780F9400EF5BC2 /* Project object */ = {
			isa = PBXProject;
			attributes = {
				LastSwiftUpdateCheck = 1110;
				LastUpgradeCheck = 1110;
				ORGANIZATIONNAME = NaturalArchitect;
				TargetAttributes = {
					02E16C9B23780F9500EF5BC2 = {
						CreatedOnToolsVersion = 11.1;
					};
				};
			};
			buildConfigurationList = 02E16C9723780F9400EF5BC2 /* Build configuration list for PBXProject "SimpleWebView" */;
			compatibilityVersion = "Xcode 9.3";
			developmentRegion = en;
			hasScannedForEncodings = 0;
			knownRegions = (
				en,
				Base,
			);
			mainGroup = 02E16C9323780F9400EF5BC2;
			productRefGroup = 02E16C9D23780F9500EF5BC2 /* Products */;
			projectDirPath = "";
			projectRoot = "";
			targets = (
				02E16C9B23780F9500EF5BC2 /* SimpleWebView */,
			);
		};
/* End PBXProject section */

/* Begin PBXResourcesBuildPhase section */
		02E16C9A23780F9500EF5BC2 /* Resources */ = {
			isa = PBXResourcesBuildPhase;
			buildActionMask = 2147483647;
			files = (
				02E16CAC23780F9600EF5BC2 /* LaunchScreen.storyboard in Resources */,
				02E16CA923780F9600EF5BC2 /* Preview Assets.xcassets in Resources */,
				02E16CA623780F9600EF5BC2 /* Assets.xcassets in Resources */,
			);
			runOnlyForDeploymentPostprocessing = 0;
		};
/* End PBXResourcesBuildPhase section */

/* Begin PBXSourcesBuildPhase section */
		02E16C9823780F9500EF5BC2 /* Sources */ = {
			isa = PBXSourcesBuildPhase;
			buildActionMask = 2147483647;
			files = (
				02E16CA023780F9500EF5BC2 /* AppDelegate.swift in Sources */,
				02E16CB4237810F700EF5BC2 /* MyWebView.swift in Sources */,
				02E16CA223780F9500EF5BC2 /* SceneDelegate.swift in Sources */,
				02E16CA423780F9500EF5BC2 /* ContentView.swift in Sources */,
			);
			runOnlyForDeploymentPostprocessing = 0;
		};
/* End PBXSourcesBuildPhase section */

/* Begin PBXVariantGroup section */
		02E16CAA23780F9600EF5BC2 /* LaunchScreen.storyboard */ = {
			isa = PBXVariantGroup;
			children = (
				02E16CAB23780F9600EF5BC2 /* Base */,
			);
			name = LaunchScreen.storyboard;
			sourceTree = "<group>";
		};
/* End PBXVariantGroup section */

/* Begin XCBuildConfiguration section */
		02E16CAE23780F9600EF5BC2 /* Debug */ = {
			isa = XCBuildConfiguration;
			buildSettings = {
				ALWAYS_SEARCH_USER_PATHS = NO;
				CLANG_ANALYZER_NONNULL = YES;
				CLANG_ANALYZER_NUMBER_OBJECT_CONVERSION = YES_AGGRESSIVE;
				CLANG_CXX_LANGUAGE_STANDARD = "gnu++14";
				CLANG_CXX_LIBRARY = "libc++";
				CLANG_ENABLE_MODULES = YES;
				CLANG_ENABLE_OBJC_ARC = YES;
				CLANG_ENABLE_OBJC_WEAK = YES;
				CLANG_WARN_BLOCK_CAPTURE_AUTORELEASING = YES;
				CLANG_WARN_BOOL_CONVERSION = YES;
				CLANG_WARN_COMMA = YES;
				CLANG_WARN_CONSTANT_CONVERSION = YES;
				CLANG_WARN_DEPRECATED_OBJC_IMPLEMENTATIONS = YES;
				CLANG_WARN_DIRECT_OBJC_ISA_USAGE = YES_ERROR;
				CLANG_WARN_DOCUMENTATION_COMMENTS = YES;
				CLANG_WARN_EMPTY_BODY = YES;
				CLANG_WARN_ENUM_CONVERSION = YES;
				CLANG_WARN_INFINITE_RECURSION = YES;
				CLANG_WARN_INT_CONVERSION = YES;
				CLANG_WARN_NON_LITERAL_NULL_CONVERSION = YES;
				CLANG_WARN_OBJC_IMPLICIT_RETAIN_SELF = YES;
				CLANG_WARN_OBJC_LITERAL_CONVERSION = YES;
				CLANG_WARN_OBJC_ROOT_CLASS = YES_ERROR;
				CLANG_WARN_RANGE_LOOP_ANALYSIS = YES;
				CLANG_WARN_STRICT_PROTOTYPES = YES;
				CLANG_WARN_SUSPICIOUS_MOVE = YES;
				CLANG_WARN_UNGUARDED_AVAILABILITY = YES_AGGRESSIVE;
				CLANG_WARN_UNREACHABLE_CODE = YES;
				CLANG_WARN__DUPLICATE_METHOD_MATCH = YES;
				COPY_PHASE_STRIP = NO;
				DEBUG_INFORMATION_FORMAT = dwarf;
				ENABLE_STRICT_OBJC_MSGSEND = YES;
				ENABLE_TESTABILITY = YES;
				GCC_C_LANGUAGE_STANDARD = gnu11;
				GCC_DYNAMIC_NO_PIC = NO;
				GCC_NO_COMMON_BLOCKS = YES;
				GCC_OPTIMIZATION_LEVEL = 0;
				GCC_PREPROCESSOR_DEFINITIONS = (
					"DEBUG=1",
					"$(inherited)",
				);
				GCC_WARN_64_TO_32_BIT_CONVERSION = YES;
				GCC_WARN_ABOUT_RETURN_TYPE = YES_ERROR;
				GCC_WARN_UNDECLARED_SELECTOR = YES;
				GCC_WARN_UNINITIALIZED_AUTOS = YES_AGGRESSIVE;
				GCC_WARN_UNUSED_FUNCTION = YES;
				GCC_WARN_UNUSED_VARIABLE = YES;
				IPHONEOS_DEPLOYMENT_TARGET = 13.1;
				MTL_ENABLE_DEBUG_INFO = INCLUDE_SOURCE;
				MTL_FAST_MATH = YES;
				ONLY_ACTIVE_ARCH = YES;
				SDKROOT = iphoneos;
				SWIFT_ACTIVE_COMPILATION_CONDITIONS = DEBUG;
				SWIFT_OPTIMIZATION_LEVEL = "-Onone";
			};
			name = Debug;
		};
		02E16CAF23780F9600EF5BC2 /* Release */ = {
			isa = XCBuildConfiguration;
			buildSettings = {
				ALWAYS_SEARCH_USER_PATHS = NO;
				CLANG_ANALYZER_NONNULL = YES;
				CLANG_ANALYZER_NUMBER_OBJECT_CONVERSION = YES_AGGRESSIVE;
				CLANG_CXX_LANGUAGE_STANDARD = "gnu++14";
				CLANG_CXX_LIBRARY = "libc++";
				CLANG_ENABLE_MODULES = YES;
				CLANG_ENABLE_OBJC_ARC = YES;
				CLANG_ENABLE_OBJC_WEAK = YES;
				CLANG_WARN_BLOCK_CAPTURE_AUTORELEASING = YES;
				CLANG_WARN_BOOL_CONVERSION = YES;
				CLANG_WARN_COMMA = YES;
				CLANG_WARN_CONSTANT_CONVERSION = YES;
				CLANG_WARN_DEPRECATED_OBJC_IMPLEMENTATIONS = YES;
				CLANG_WARN_DIRECT_OBJC_ISA_USAGE = YES_ERROR;
				CLANG_WARN_DOCUMENTATION_COMMENTS = YES;
				CLANG_WARN_EMPTY_BODY = YES;
				CLANG_WARN_ENUM_CONVERSION = YES;
				CLANG_WARN_INFINITE_RECURSION = YES;
				CLANG_WARN_INT_CONVERSION = YES;
				CLANG_WARN_NON_LITERAL_NULL_CONVERSION = YES;
				CLANG_WARN_OBJC_IMPLICIT_RETAIN_SELF = YES;
				CLANG_WARN_OBJC_LITERAL_CONVERSION = YES;
				CLANG_WARN_OBJC_ROOT_CLASS = YES_ERROR;
				CLANG_WARN_RANGE_LOOP_ANALYSIS = YES;
				CLANG_WARN_STRICT_PROTOTYPES = YES;
				CLANG_WARN_SUSPICIOUS_MOVE = YES;
				CLANG_WARN_UNGUARDED_AVAILABILITY = YES_AGGRESSIVE;
				CLANG_WARN_UNREACHABLE_CODE = YES;
				CLANG_WARN__DUPLICATE_METHOD_MATCH = YES;
				COPY_PHASE_STRIP = NO;
				DEBUG_INFORMATION_FORMAT = "dwarf-with-dsym";
				ENABLE_NS_ASSERTIONS = NO;
				ENABLE_STRICT_OBJC_MSGSEND = YES;
				GCC_C_LANGUAGE_STANDARD = gnu11;
				GCC_NO_COMMON_BLOCKS = YES;
				GCC_WARN_64_TO_32_BIT_CONVERSION = YES;
				GCC_WARN_ABOUT_RETURN_TYPE = YES_ERROR;
				GCC_WARN_UNDECLARED_SELECTOR = YES;
				GCC_WARN_UNINITIALIZED_AUTOS = YES_AGGRESSIVE;
				GCC_WARN_UNUSED_FUNCTION = YES;
				GCC_WARN_UNUSED_VARIABLE = YES;
				IPHONEOS_DEPLOYMENT_TARGET = 13.1;
				MTL_ENABLE_DEBUG_INFO = NO;
				MTL_FAST_MATH = YES;
				SDKROOT = iphoneos;
				SWIFT_COMPILATION_MODE = wholemodule;
				SWIFT_OPTIMIZATION_LEVEL = "-O";
				VALIDATE_PRODUCT = YES;
			};
			name = Release;
		};
		02E16CB123780F9600EF5BC2 /* Debug */ = {
			isa = XCBuildConfiguration;
			buildSettings = {
				ASSETCATALOG_COMPILER_APPICON_NAME = AppIcon;
				CODE_SIGN_STYLE = Automatic;
				DEVELOPMENT_ASSET_PATHS = "\"SimpleWebView/Preview Content\"";
				ENABLE_PREVIEWS = YES;
				INFOPLIST_FILE = SimpleWebView/Info.plist;
				LD_RUNPATH_SEARCH_PATHS = (
					"$(inherited)",
					"@executable_path/Frameworks",
				);
				PRODUCT_BUNDLE_IDENTIFIER = "jp.natural-architect.SimpleWebView";
				PRODUCT_NAME = "$(TARGET_NAME)";
				SWIFT_VERSION = 5.0;
				TARGETED_DEVICE_FAMILY = "1,2";
			};
			name = Debug;
		};
		02E16CB223780F9600EF5BC2 /* Release */ = {
			isa = XCBuildConfiguration;
			buildSettings = {
				ASSETCATALOG_COMPILER_APPICON_NAME = AppIcon;
				CODE_SIGN_STYLE = Automatic;
				DEVELOPMENT_ASSET_PATHS = "\"SimpleWebView/Preview Content\"";
				ENABLE_PREVIEWS = YES;
				INFOPLIST_FILE = SimpleWebView/Info.plist;
				LD_RUNPATH_SEARCH_PATHS = (
					"$(inherited)",
					"@executable_path/Frameworks",
				);
				PRODUCT_BUNDLE_IDENTIFIER = "jp.natural-architect.SimpleWebView";
				PRODUCT_NAME = "$(TARGET_NAME)";
				SWIFT_VERSION = 5.0;
				TARGETED_DEVICE_FAMILY = "1,2";
			};
			name = Release;
		};
/* End XCBuildConfiguration section */

/* Begin XCConfigurationList section */
		02E16C9723780F9400EF5BC2 /* Build configuration list for PBXProject "SimpleWebView" */ = {
			isa = XCConfigurationList;
			buildConfigurations = (
				02E16CAE23780F9600EF5BC2 /* Debug */,
				02E16CAF23780F9600EF5BC2 /* Release */,
			);
			defaultConfigurationIsVisible = 0;
			defaultConfigurationName = Release;
		};
		02E16CB023780F9600EF5BC2 /* Build configuration list for PBXNativeTarget "SimpleWebView" */ = {
			isa = XCConfigurationList;
			buildConfigurations = (
				02E16CB123780F9600EF5BC2 /* Debug */,
				02E16CB223780F9600EF5BC2 /* Release */,
			);
			defaultConfigurationIsVisible = 0;
			defaultConfigurationName = Release;
		};
/* End XCConfigurationList section */
	};
	rootObject = 02E16C9423780F9400EF5BC2 /* Project object */;
}
